FORGE
  remote: https://forgeapi.puppetlabs.com
  specs:
    aco-oracle_java (2.8.1)
      puppet-archive (< 2.0.0, >= 0.4.4)
      puppetlabs-stdlib (< 5.0.0, >= 3.2.0)
    ceritsc-yum (0.9.6)
      puppetlabs-stdlib (>= 4.0.0)
    elasticsearch-elasticsearch (0.10.3)
      ceritsc-yum (< 1.0.0, >= 0.9.6)
      puppetlabs-apt (< 3.0.0, >= 1.4.0)
      puppetlabs-stdlib (< 5.0.0, >= 3.2.0)
      richardc-datacat (< 1.0.0, >= 0.6.2)
    example42-puppi (2.1.12)
    example42-splunk (2.0.14)
      example42-puppi (>= 2.0.0)
    locp-cassandra (1.13.0)
      puppetlabs-apt (< 3.0.0, >= 2.0.0)
      puppetlabs-firewall (< 2.0.0, >= 1.0.0)
      puppetlabs-inifile (< 2.0.0, >= 1.0.0)
      puppetlabs-stdlib (< 5.0.0, >= 3.0.0)
    nanliu-staging (1.0.3)
    puppet-archive (1.3.0)
      puppetlabs-stdlib (< 5.0.0, >= 4.6.0)
    puppetlabs-apt (2.2.1)
      puppetlabs-stdlib (< 5.0.0, >= 4.5.0)
    puppetlabs-concat (1.2.5)
      puppetlabs-stdlib (< 5.0.0, >= 3.2.0)
    puppetlabs-firewall (1.7.2)
    puppetlabs-inifile (1.4.3)
    puppetlabs-mongodb (0.12.0)
      puppetlabs-apt (< 3.0.0, >= 1.0.0)
      puppetlabs-stdlib (< 5.0.0, >= 2.2.0)
    puppetlabs-mysql (3.6.2)
      nanliu-staging (< 2.0.0, >= 1.0.1)
      puppetlabs-stdlib (< 5.0.0, >= 3.2.0)
    puppetlabs-postgresql (4.7.0)
      puppetlabs-apt (< 3.0.0, >= 1.8.0)
      puppetlabs-concat (< 2.0.0, >= 1.1.0)
      puppetlabs-stdlib (~> 4.0)
    puppetlabs-stdlib (4.11.0)
    richardc-datacat (0.6.2)

DEPENDENCIES
  aco-oracle_java (>= 0)
  elasticsearch-elasticsearch (>= 0)
  example42-splunk (>= 0)
  locp-cassandra (>= 0)
  puppetlabs-mongodb (>= 0)
  puppetlabs-mysql (>= 0)
  puppetlabs-postgresql (>= 0)

